{
  "name": "lambda-db",
  "version": "1.0.0",
  "lockfileVersion": 2,
  "requires": true,
  "packages": {
    "": {
      "name": "lambda-db",
      "version": "1.0.0",
      "license": "Apache-2.0",
      "dependencies": {
        "umzug": "^3.1.1"
      },
      "devDependencies": {}
    },
    "node_modules/@rushstack/ts-command-line": {
      "version": "4.10.6",
      "resolved": "https://registry.npmjs.org/@rushstack/ts-command-line/-/ts-command-line-4.10.6.tgz",
      "integrity": "sha512-Y3GkUag39sTIlukDg9mUp8MCHrrlJ27POrBNRQGc/uF+VVgX8M7zMzHch5zP6O1QVquWgD7Engdpn2piPYaS/g==",
      "license": "MIT",
      "dependencies": {
        "@types/argparse": "1.0.38",
        "argparse": "~1.0.9",
        "colors": "~1.2.1",
        "string-argv": "~0.3.1"
      }
    },
    "node_modules/@types/argparse": {
      "version": "1.0.38",
      "resolved": "https://registry.npmjs.org/@types/argparse/-/argparse-1.0.38.tgz",
      "integrity": "sha512-ebDJ9b0e702Yr7pWgB0jzm+CX4Srzz8RcXtLJDJB+BSccqMa36uyH/zUsSYao5+BD1ytv3k3rPYCq4mAE1hsXA==",
      "license": "MIT"
    },
    "node_modules/argparse": {
      "version": "1.0.10",
      "resolved": "https://registry.npmjs.org/argparse/-/argparse-1.0.10.tgz",
      "integrity": "sha512-o5Roy6tNG4SL/FOkCAN6RzjiakZS25RLYFrcMttJqbdd8BWrnA+fGz57iN5Pb06pvBGvl5gQ0B48dJlslXvoTg==",
      "license": "MIT",
      "dependencies": {
        "sprintf-js": "~1.0.2"
      }
    },
    "node_modules/balanced-match": {
      "version": "1.0.2",
      "resolved": "https://registry.npmjs.org/balanced-match/-/balanced-match-1.0.2.tgz",
      "integrity": "sha512-3oSeUO0TMV67hN1AmbXsK4yaqU7tjiHlbxRDZOpH0KW9+CeX4bRAaX0Anxt0tx2MrpRpWwQaPwIlISEJhYU5Pw==",
      "license": "MIT"
    },
    "node_modules/brace-expansion": {
      "version": "1.1.11",
      "resolved": "https://registry.npmjs.org/brace-expansion/-/brace-expansion-1.1.11.tgz",
      "integrity": "sha512-iCuPHDFgrHX7H2vEI/5xpz07zSHB00TpugqhmYtVmMO6518mCuRMoOYFldEBl0g187ufozdaHgWKcYFb61qGiA==",
      "license": "MIT",
      "dependencies": {
        "balanced-match": "^1.0.0",
        "concat-map": "0.0.1"
      }
    },
    "node_modules/colors": {
      "version": "1.2.5",
      "resolved": "https://registry.npmjs.org/colors/-/colors-1.2.5.tgz",
      "integrity": "sha512-erNRLao/Y3Fv54qUa0LBB+//Uf3YwMUmdJinN20yMXm9zdKKqH9wt7R9IIVZ+K7ShzfpLV/Zg8+VyrBJYB4lpg==",
      "license": "MIT",
      "engines": {
        "node": ">=0.1.90"
      }
    },
    "node_modules/concat-map": {
      "version": "0.0.1",
      "resolved": "https://registry.npmjs.org/concat-map/-/concat-map-0.0.1.tgz",
      "integrity": "sha1-2Klr13/Wjfd5OnMDajug1UBdR3s=",
      "license": "MIT"
    },
    "node_modules/emittery": {
      "version": "0.10.2",
      "resolved": "https://registry.npmjs.org/emittery/-/emittery-0.10.2.tgz",
      "integrity": "sha512-aITqOwnLanpHLNXZJENbOgjUBeHocD+xsSJmNrjovKBW5HbSpW3d1pEls7GFQPUWXiwG9+0P4GtHfEqC/4M0Iw==",
      "license": "MIT",
      "engines": {
        "node": ">=12"
      },
      "funding": {
        "url": "https://github.com/sindresorhus/emittery?sponsor=1"
      }
    },
    "node_modules/fs-jetpack": {
      "version": "4.3.1",
      "resolved": "https://registry.npmjs.org/fs-jetpack/-/fs-jetpack-4.3.1.tgz",
      "integrity": "sha512-dbeOK84F6BiQzk2yqqCVwCPWTxAvVGJ3fMQc6E2wuEohS28mR6yHngbrKuVCK1KHRx/ccByDylqu4H5PCP2urQ==",
      "license": "MIT",
      "dependencies": {
        "minimatch": "^3.0.2",
        "rimraf": "^2.6.3"
      }
    },
    "node_modules/fs.realpath": {
      "version": "1.0.0",
      "resolved": "https://registry.npmjs.org/fs.realpath/-/fs.realpath-1.0.0.tgz",
      "integrity": "sha1-FQStJSMVjKpA20onh8sBQRmU6k8=",
      "license": "ISC"
    },
    "node_modules/glob": {
      "version": "7.2.0",
      "resolved": "https://registry.npmjs.org/glob/-/glob-7.2.0.tgz",
      "integrity": "sha512-lmLf6gtyrPq8tTjSmrO94wBeQbFR3HbLHbuyD69wuyQkImp2hWqMGB47OX65FBkPffO641IP9jWa1z4ivqG26Q==",
      "license": "ISC",
      "dependencies": {
        "fs.realpath": "^1.0.0",
        "inflight": "^1.0.4",
        "inherits": "2",
        "minimatch": "^3.0.4",
        "once": "^1.3.0",
        "path-is-absolute": "^1.0.0"
      },
      "engines": {
        "node": "*"
      },
      "funding": {
        "url": "https://github.com/sponsors/isaacs"
      }
    },
    "node_modules/inflight": {
      "version": "1.0.6",
      "resolved": "https://registry.npmjs.org/inflight/-/inflight-1.0.6.tgz",
      "integrity": "sha1-Sb1jMdfQLQwJvJEKEHW6gWW1bfk=",
      "license": "ISC",
      "dependencies": {
        "once": "^1.3.0",
        "wrappy": "1"
      }
    },
    "node_modules/inherits": {
      "version": "2.0.4",
      "resolved": "https://registry.npmjs.org/inherits/-/inherits-2.0.4.tgz",
      "integrity": "sha512-k/vGaX4/Yla3WzyMCvTQOXYeIHvqOKtnqBduzTHpzpQZzAskKMhZ2K+EnBiSM9zGSoIFeMpXKxa4dYeZIQqewQ==",
      "license": "ISC"
    },
    "node_modules/minimatch": {
      "version": "3.1.2",
      "resolved": "https://registry.npmjs.org/minimatch/-/minimatch-3.1.2.tgz",
      "integrity": "sha512-J7p63hRiAjw1NDEww1W7i37+ByIrOWO5XQQAzZ3VOcL0PNybwpfmV/N05zFAzwQ9USyEcX6t3UO+K5aqBQOIHw==",
      "license": "ISC",
      "dependencies": {
        "brace-expansion": "^1.1.7"
      },
      "engines": {
        "node": "*"
      }
    },
    "node_modules/once": {
      "version": "1.4.0",
      "resolved": "https://registry.npmjs.org/once/-/once-1.4.0.tgz",
      "integrity": "sha1-WDsap3WWHUsROsF9nFC6753Xa9E=",
      "license": "ISC",
      "dependencies": {
        "wrappy": "1"
      }
    },
    "node_modules/path-is-absolute": {
      "version": "1.0.1",
      "resolved": "https://registry.npmjs.org/path-is-absolute/-/path-is-absolute-1.0.1.tgz",
      "integrity": "sha1-F0uSaHNVNP+8es5r9TpanhtcX18=",
      "license": "MIT",
      "engines": {
        "node": ">=0.10.0"
      }
    },
    "node_modules/pony-cause": {
      "version": "1.1.1",
      "resolved": "https://registry.npmjs.org/pony-cause/-/pony-cause-1.1.1.tgz",
      "integrity": "sha512-PxkIc/2ZpLiEzQXu5YRDOUgBlfGYBY8156HY5ZcRAwwonMk5W/MrJP2LLkG/hF7GEQzaHo2aS7ho6ZLCOvf+6g==",
      "license": "0BSD",
      "engines": {
        "node": ">=12.0.0"
      }
    },
    "node_modules/rimraf": {
      "version": "2.7.1",
      "resolved": "https://registry.npmjs.org/rimraf/-/rimraf-2.7.1.tgz",
      "integrity": "sha512-uWjbaKIK3T1OSVptzX7Nl6PvQ3qAGtKEtVRjRuazjfL3Bx5eI409VZSqgND+4UNnmzLVdPj9FqFJNPqBZFve4w==",
      "license": "ISC",
      "dependencies": {
        "glob": "^7.1.3"
      },
      "bin": {
        "rimraf": "bin.js"
      }
    },
    "node_modules/sprintf-js": {
      "version": "1.0.3",
      "resolved": "https://registry.npmjs.org/sprintf-js/-/sprintf-js-1.0.3.tgz",
      "integrity": "sha1-BOaSb2YolTVPPdAVIDYzuFcpfiw=",
      "license": "BSD-3-Clause"
    },
    "node_modules/string-argv": {
      "version": "0.3.1",
      "resolved": "https://registry.npmjs.org/string-argv/-/string-argv-0.3.1.tgz",
      "integrity": "sha512-a1uQGz7IyVy9YwhqjZIZu1c8JO8dNIe20xBmSS6qu9kv++k3JGzCVmprbNN5Kn+BgzD5E7YYwg1CcjuJMRNsvg==",
      "license": "MIT",
      "engines": {
        "node": ">=0.6.19"
      }
    },
    "node_modules/type-fest": {
      "version": "2.12.0",
      "resolved": "https://registry.npmjs.org/type-fest/-/type-fest-2.12.0.tgz",
      "integrity": "sha512-Qe5GRT+n/4GoqCNGGVp5Snapg1Omq3V7irBJB3EaKsp7HWDo5Gv2d/67gfNyV+d5EXD+x/RF5l1h4yJ7qNkcGA==",
      "license": "(MIT OR CC0-1.0)",
      "engines": {
        "node": ">=12.20"
      },
      "funding": {
        "url": "https://github.com/sponsors/sindresorhus"
      }
    },
    "node_modules/umzug": {
      "version": "3.1.1",
      "resolved": "https://registry.npmjs.org/umzug/-/umzug-3.1.1.tgz",
      "integrity": "sha512-sgMDzUK6ZKS3pjzRJpAHqSkvAQ+64Dourq6JfQv11i0nMu0/QqE3V3AUpj2pWYxFBaSvnUxKrzZQmPr6NZhvdQ==",
      "license": "MIT",
      "dependencies": {
        "@rushstack/ts-command-line": "^4.7.7",
        "emittery": "^0.10.2",
        "fs-jetpack": "^4.1.0",
        "glob": "^7.1.6",
        "pony-cause": "^1.1.1",
        "type-fest": "^2.0.0"
      },
      "engines": {
        "node": ">=12"
      }
    },
    "node_modules/wrappy": {
      "version": "1.0.2",
      "resolved": "https://registry.npmjs.org/wrappy/-/wrappy-1.0.2.tgz",
      "integrity": "sha1-tSQ9jz7BqjXxNkYFvA0QNuMKtp8=",
      "license": "ISC"
    }
  },
  "dependencies": {
    "@rushstack/ts-command-line": {
      "version": "4.10.6",
      "resolved": "https://registry.npmjs.org/@rushstack/ts-command-line/-/ts-command-line-4.10.6.tgz",
      "integrity": "sha512-Y3GkUag39sTIlukDg9mUp8MCHrrlJ27POrBNRQGc/uF+VVgX8M7zMzHch5zP6O1QVquWgD7Engdpn2piPYaS/g==",
      "requires": {
        "@types/argparse": "1.0.38",
        "argparse": "~1.0.9",
        "colors": "~1.2.1",
        "string-argv": "~0.3.1"
      }
    },
    "@types/argparse": {
      "version": "1.0.38",
      "resolved": "https://registry.npmjs.org/@types/argparse/-/argparse-1.0.38.tgz",
      "integrity": "sha512-ebDJ9b0e702Yr7pWgB0jzm+CX4Srzz8RcXtLJDJB+BSccqMa36uyH/zUsSYao5+BD1ytv3k3rPYCq4mAE1hsXA=="
    },
    "argparse": {
      "version": "1.0.10",
      "resolved": "https://registry.npmjs.org/argparse/-/argparse-1.0.10.tgz",
      "integrity": "sha512-o5Roy6tNG4SL/FOkCAN6RzjiakZS25RLYFrcMttJqbdd8BWrnA+fGz57iN5Pb06pvBGvl5gQ0B48dJlslXvoTg==",
      "requires": {
        "sprintf-js": "~1.0.2"
      }
    },
    "balanced-match": {
      "version": "1.0.2",
      "resolved": "https://registry.npmjs.org/balanced-match/-/balanced-match-1.0.2.tgz",
      "integrity": "sha512-3oSeUO0TMV67hN1AmbXsK4yaqU7tjiHlbxRDZOpH0KW9+CeX4bRAaX0Anxt0tx2MrpRpWwQaPwIlISEJhYU5Pw=="
    },
    "brace-expansion": {
      "version": "1.1.11",
      "resolved": "https://registry.npmjs.org/brace-expansion/-/brace-expansion-1.1.11.tgz",
      "integrity": "sha512-iCuPHDFgrHX7H2vEI/5xpz07zSHB00TpugqhmYtVmMO6518mCuRMoOYFldEBl0g187ufozdaHgWKcYFb61qGiA==",
      "requires": {
        "balanced-match": "^1.0.0",
        "concat-map": "0.0.1"
      }
    },
    "colors": {
      "version": "1.2.5",
      "resolved": "https://registry.npmjs.org/colors/-/colors-1.2.5.tgz",
      "integrity": "sha512-erNRLao/Y3Fv54qUa0LBB+//Uf3YwMUmdJinN20yMXm9zdKKqH9wt7R9IIVZ+K7ShzfpLV/Zg8+VyrBJYB4lpg=="
    },
    "concat-map": {
      "version": "0.0.1",
      "resolved": "https://registry.npmjs.org/concat-map/-/concat-map-0.0.1.tgz",
      "integrity": "sha1-2Klr13/Wjfd5OnMDajug1UBdR3s="
    },
    "emittery": {
      "version": "0.10.2",
      "resolved": "https://registry.npmjs.org/emittery/-/emittery-0.10.2.tgz",
      "integrity": "sha512-aITqOwnLanpHLNXZJENbOgjUBeHocD+xsSJmNrjovKBW5HbSpW3d1pEls7GFQPUWXiwG9+0P4GtHfEqC/4M0Iw=="
    },
    "fs-jetpack": {
      "version": "4.3.1",
      "resolved": "https://registry.npmjs.org/fs-jetpack/-/fs-jetpack-4.3.1.tgz",
      "integrity": "sha512-dbeOK84F6BiQzk2yqqCVwCPWTxAvVGJ3fMQc6E2wuEohS28mR6yHngbrKuVCK1KHRx/ccByDylqu4H5PCP2urQ==",
      "requires": {
        "minimatch": "^3.0.2",
        "rimraf": "^2.6.3"
      }
    },
    "fs.realpath": {
      "version": "1.0.0",
      "resolved": "https://registry.npmjs.org/fs.realpath/-/fs.realpath-1.0.0.tgz",
      "integrity": "sha1-FQStJSMVjKpA20onh8sBQRmU6k8="
    },
    "glob": {
      "version": "7.2.0",
      "resolved": "https://registry.npmjs.org/glob/-/glob-7.2.0.tgz",
      "integrity": "sha512-lmLf6gtyrPq8tTjSmrO94wBeQbFR3HbLHbuyD69wuyQkImp2hWqMGB47OX65FBkPffO641IP9jWa1z4ivqG26Q==",
      "requires": {
        "fs.realpath": "^1.0.0",
        "inflight": "^1.0.4",
        "inherits": "2",
        "minimatch": "^3.0.4",
        "once": "^1.3.0",
        "path-is-absolute": "^1.0.0"
      }
    },
    "inflight": {
      "version": "1.0.6",
      "resolved": "https://registry.npmjs.org/inflight/-/inflight-1.0.6.tgz",
      "integrity": "sha1-Sb1jMdfQLQwJvJEKEHW6gWW1bfk=",
      "requires": {
        "once": "^1.3.0",
        "wrappy": "1"
      }
    },
    "inherits": {
      "version": "2.0.4",
      "resolved": "https://registry.npmjs.org/inherits/-/inherits-2.0.4.tgz",
      "integrity": "sha512-k/vGaX4/Yla3WzyMCvTQOXYeIHvqOKtnqBduzTHpzpQZzAskKMhZ2K+EnBiSM9zGSoIFeMpXKxa4dYeZIQqewQ=="
    },
    "minimatch": {
      "version": "3.1.2",
      "resolved": "https://registry.npmjs.org/minimatch/-/minimatch-3.1.2.tgz",
      "integrity": "sha512-J7p63hRiAjw1NDEww1W7i37+ByIrOWO5XQQAzZ3VOcL0PNybwpfmV/N05zFAzwQ9USyEcX6t3UO+K5aqBQOIHw==",
      "requires": {
        "brace-expansion": "^1.1.7"
      }
    },
    "once": {
      "version": "1.4.0",
      "resolved": "https://registry.npmjs.org/once/-/once-1.4.0.tgz",
      "integrity": "sha1-WDsap3WWHUsROsF9nFC6753Xa9E=",
      "requires": {
        "wrappy": "1"
      }
    },
    "path-is-absolute": {
      "version": "1.0.1",
      "resolved": "https://registry.npmjs.org/path-is-absolute/-/path-is-absolute-1.0.1.tgz",
      "integrity": "sha1-F0uSaHNVNP+8es5r9TpanhtcX18="
    },
    "pony-cause": {
      "version": "1.1.1",
      "resolved": "https://registry.npmjs.org/pony-cause/-/pony-cause-1.1.1.tgz",
      "integrity": "sha512-PxkIc/2ZpLiEzQXu5YRDOUgBlfGYBY8156HY5ZcRAwwonMk5W/MrJP2LLkG/hF7GEQzaHo2aS7ho6ZLCOvf+6g=="
    },
    "rimraf": {
      "version": "2.7.1",
      "resolved": "https://registry.npmjs.org/rimraf/-/rimraf-2.7.1.tgz",
      "integrity": "sha512-uWjbaKIK3T1OSVptzX7Nl6PvQ3qAGtKEtVRjRuazjfL3Bx5eI409VZSqgND+4UNnmzLVdPj9FqFJNPqBZFve4w==",
      "requires": {
        "glob": "^7.1.3"
      }
    },
    "sprintf-js": {
      "version": "1.0.3",
      "resolved": "https://registry.npmjs.org/sprintf-js/-/sprintf-js-1.0.3.tgz",
      "integrity": "sha1-BOaSb2YolTVPPdAVIDYzuFcpfiw="
    },
    "string-argv": {
      "version": "0.3.1",
      "resolved": "https://registry.npmjs.org/string-argv/-/string-argv-0.3.1.tgz",
      "integrity": "sha512-a1uQGz7IyVy9YwhqjZIZu1c8JO8dNIe20xBmSS6qu9kv++k3JGzCVmprbNN5Kn+BgzD5E7YYwg1CcjuJMRNsvg=="
    },
    "type-fest": {
      "version": "2.12.0",
      "resolved": "https://registry.npmjs.org/type-fest/-/type-fest-2.12.0.tgz",
      "integrity": "sha512-Qe5GRT+n/4GoqCNGGVp5Snapg1Omq3V7irBJB3EaKsp7HWDo5Gv2d/67gfNyV+d5EXD+x/RF5l1h4yJ7qNkcGA=="
    },
    "umzug": {
      "version": "3.1.1",
      "resolved": "https://registry.npmjs.org/umzug/-/umzug-3.1.1.tgz",
      "integrity": "sha512-sgMDzUK6ZKS3pjzRJpAHqSkvAQ+64Dourq6JfQv11i0nMu0/QqE3V3AUpj2pWYxFBaSvnUxKrzZQmPr6NZhvdQ==",
      "requires": {
        "@rushstack/ts-command-line": "^4.7.7",
        "emittery": "^0.10.2",
        "fs-jetpack": "^4.1.0",
        "glob": "^7.1.6",
        "pony-cause": "^1.1.1",
        "type-fest": "^2.0.0"
      }
    },
    "wrappy": {
      "version": "1.0.2",
      "resolved": "https://registry.npmjs.org/wrappy/-/wrappy-1.0.2.tgz",
      "integrity": "sha1-tSQ9jz7BqjXxNkYFvA0QNuMKtp8="
    }
  }
}
