# THIS IS AN AUTOGENERATED FILE. DO NOT EDIT THIS FILE DIRECTLY.
# yarn lockfile v1


"@keycloak/keycloak-admin-client@26.5.6":
  version "26.5.6"
  resolved "https://registry.yarnpkg.com/@keycloak/keycloak-admin-client/-/keycloak-admin-client-26.5.6.tgz#2c5d1d2e353b203abbe3c9855e58bbfba2061fe8"
  integrity sha512-APCPQ7gjB3r6s66N8vjAoXpxDkwJ5Huna9PlWIg+WMnrKzQkOBkxj+mmBduxjkt9uqQVaUtmy6/vZZerwQ/ltw==
  dependencies:
    camelize-ts "^3.0.0"
    url-template "^3.1.1"

camelize-ts@^3.0.0:
  version "3.0.0"
  resolved "https://registry.yarnpkg.com/camelize-ts/-/camelize-ts-3.0.0.tgz#b9a7b4ff802464dc3d6475637a64a9742ad3db09"
  integrity sha512-cgRwKKavoDKLTjO4FQTs3dRBePZp/2Y9Xpud0FhuCOTE86M2cniKN4CCXgRnsyXNMmQMifVHcv6SPaMtTx6ofQ==

dotenv@^17.3.1:
  version "17.3.1"
  resolved "https://registry.yarnpkg.com/dotenv/-/dotenv-17.3.1.tgz#2706f5b0165e45a1503348187b8468f87fe6aae2"
  integrity sha512-IO8C/dzEb6O3F9/twg6ZLXz164a2fhTnEWb95H23Dm4OuN+92NmEAlTrupP9VW6Jm3sO26tQlqyvyi4CsnY9GA==

url-template@^3.1.1:
  version "3.1.1"
  resolved "https://registry.yarnpkg.com/url-template/-/url-template-3.1.1.tgz#c220d5f3f793d28b0de341002112879cc8a43905"
  integrity sha512-4oszoaEKE/mQOtAmdMWqIRHmkxWkUZMnXFnjQ5i01CuRSK3uluxcH1MRVVVWmhlnzT1SCDfKxxficm2G37qzCA==
