dependencies:
- name: patroni
  repository: https://bcgov.github.io/sso-helm-charts
  version: 1.6.1
- name: redis-ha
  repository: https://dandydeveloper.github.io/charts
  version: 4.35.0
- name: backup-storage
  repository: https://bcgov.github.io/helm-charts
  version: 0.1.16
digest: sha256:2296b2da0d1a071e3580357eede664de055d9fcbd348f6491bccc7577e66bf49
generated: "2025-10-28T10:50:05.037324-07:00"
