dependencies:
- name: patroni
  repository: https://bcgov.github.io/sso-helm-charts
  version: 1.6.1
- name: redis
  repository: https://charts.bitnami.com/bitnami
  version: 21.1.7
- name: backup-storage
  repository: https://bcgov.github.io/helm-charts
  version: 0.1.16
digest: sha256:c36a1e5d19c87f3dfe61c6895a230e48794762d24b520350bffbff6bdc43fdab
generated: "2025-07-08T14:53:55.420931096-07:00"
